
Microsoft Visual Studio Solution File, Format Version 12.00
# Visual Studio Version 17
VisualStudioVersion = 17.10.35013.160
MinimumVisualStudioVersion = 10.0.40219.1
Project("{9A19103F-16F7-4668-BE54-9A1E7A4F7556}") = "BufferRepro", "BufferRepro.csproj", "{8D4ED6AB-1908-4A1B-807C-656F9068999D}"
EndProject
Global
	GlobalSection(SolutionConfigurationPlatforms) = preSolution
		Debug|Any CPU = Debug|Any CPU
		Release|Any CPU = Release|Any CPU
	EndGlobalSection
	GlobalSection(ProjectConfigurationPlatforms) = postSolution
		{8D4ED6AB-1908-4A1B-807C-656F9068999D}.Debug|Any CPU.ActiveCfg = Debug|Any CPU
		{8D4ED6AB-1908-4A1B-807C-656F9068999D}.Debug|Any CPU.Build.0 = Debug|Any CPU
		{8D4ED6AB-1908-4A1B-807C-656F9068999D}.Release|Any CPU.ActiveCfg = Release|Any CPU
		{8D4ED6AB-1908-4A1B-807C-656F9068999D}.Release|Any CPU.Build.0 = Release|Any CPU
	EndGlobalSection
	GlobalSection(SolutionProperties) = preSolution
		HideSolutionNode = FALSE
	EndGlobalSection
	GlobalSection(ExtensibilityGlobals) = postSolution
		SolutionGuid = {10C9B434-DD4F-4A42-AE07-883B6BE70372}
	EndGlobalSection
EndGlobal
